
Microsoft Visual Studio Solution File, Format Version 12.00
# Visual Studio 15
VisualStudioVersion = 15.0.27703.2026
MinimumVisualStudioVersion = 10.0.40219.1
Project("{FAE04EC0-301F-11D3-BF4B-00C04F79EFBC}") = "ChartCreator", "ChartCreator.csproj", "{C4782FE9-837D-4E4B-94A9-CE037AF6C6BB}"
EndProject
Global
	GlobalSection(SolutionConfigurationPlatforms) = preSolution
		Debug|Any CPU = Debug|Any CPU
		Debug|ARM = Debug|ARM
		Debug|x64 = Debug|x64
		Debug|x86 = Debug|x86
		Release|Any CPU = Release|Any CPU
		Release|ARM = Release|ARM
		Release|x64 = Release|x64
		Release|x86 = Release|x86
	EndGlobalSection
	GlobalSection(ProjectConfigurationPlatforms) = postSolution
		{C4782FE9-837D-4E4B-94A9-CE037AF6C6BB}.Debug|Any CPU.ActiveCfg = Debug|Any CPU
		{C4782FE9-837D-4E4B-94A9-CE037AF6C6BB}.Debug|Any CPU.Build.0 = Debug|Any CPU
		{C4782FE9-837D-4E4B-94A9-CE037AF6C6BB}.Debug|ARM.ActiveCfg = Debug|ARM
		{C4782FE9-837D-4E4B-94A9-CE037AF6C6BB}.Debug|ARM.Build.0 = Debug|ARM
		{C4782FE9-837D-4E4B-94A9-CE037AF6C6BB}.Debug|x64.ActiveCfg = Debug|x64
		{C4782FE9-837D-4E4B-94A9-CE037AF6C6BB}.Debug|x64.Build.0 = Debug|x64
		{C4782FE9-837D-4E4B-94A9-CE037AF6C6BB}.Debug|x86.ActiveCfg = Debug|x86
		{C4782FE9-837D-4E4B-94A9-CE037AF6C6BB}.Debug|x86.Build.0 = Debug|x86
		{C4782FE9-837D-4E4B-94A9-CE037AF6C6BB}.Release|Any CPU.ActiveCfg = Release|Any CPU
		{C4782FE9-837D-4E4B-94A9-CE037AF6C6BB}.Release|Any CPU.Build.0 = Release|Any CPU
		{C4782FE9-837D-4E4B-94A9-CE037AF6C6BB}.Release|ARM.ActiveCfg = Release|ARM
		{C4782FE9-837D-4E4B-94A9-CE037AF6C6BB}.Release|ARM.Build.0 = Release|ARM
		{C4782FE9-837D-4E4B-94A9-CE037AF6C6BB}.Release|x64.ActiveCfg = Release|x64
		{C4782FE9-837D-4E4B-94A9-CE037AF6C6BB}.Release|x64.Build.0 = Release|x64
		{C4782FE9-837D-4E4B-94A9-CE037AF6C6BB}.Release|x86.ActiveCfg = Release|x86
		{C4782FE9-837D-4E4B-94A9-CE037AF6C6BB}.Release|x86.Build.0 = Release|x86
	EndGlobalSection
	GlobalSection(SolutionProperties) = preSolution
		HideSolutionNode = FALSE
	EndGlobalSection
	GlobalSection(ExtensibilityGlobals) = postSolution
		SolutionGuid = {68826063-180F-43E4-AB2C-C7EEC6C404CF}
	EndGlobalSection
EndGlobal
